
Microsoft Visual Studio Solution File, Format Version 12.00
# Visual Studio 15
VisualStudioVersion = 15.0.27130.2026
MinimumVisualStudioVersion = 10.0.40219.1
Project("{2150E333-8FDC-42A3-9474-1A3956D46DE8}") = "SDK", "SDK", "{61980940-883D-46BF-82CF-0227FC50BD0E}"
EndProject
Project("{2150E333-8FDC-42A3-9474-1A3956D46DE8}") = "Samples", "Samples", "{BA88A04F-C1F9-4840-9807-448AD126237A}"
EndProject
Project("{D954291E-2A0B-460D-934E-DC6B0785DB48}") = "OpenAPI.App.Shared", "Sample\OpenAPI.App.Shared\OpenAPI.App.Shared.shproj", "{0A6087B0-236B-42B6-823D-C0FA06C69C84}"
EndProject
Project("{FAE04EC0-301F-11D3-BF4B-00C04F79EFBC}") = "OpenAPI.App.Universal", "Sample\OpenAPI.App.Universal\OpenAPI.App.Universal.csproj", "{72026CA8-ADB8-4AD4-A2E4-B41DC9B1FDBB}"
EndProject
Project("{FAE04EC0-301F-11D3-BF4B-00C04F79EFBC}") = "OpenAPI.App.WPF", "Sample\OpenAPI.App.WPF\OpenAPI.App.WPF.csproj", "{C0AB0E5D-8124-4728-AC11-03D142E102BB}"
EndProject
Project("{2150E333-8FDC-42A3-9474-1A3956D46DE8}") = "Test", "Test", "{3105AA83-248F-4343-8A8A-52A4461267A6}"
EndProject
Project("{FAE04EC0-301F-11D3-BF4B-00C04F79EFBC}") = "OpenAPI.Test", "Test\OpenAPI.Test\OpenAPI.Test.csproj", "{90C85819-1878-4C0D-BCDB-4BE0C29C99A0}"
EndProject
Project("{9A19103F-16F7-4668-BE54-9A1E7A4F7556}") = "OpenAPI.Standard", "SDK\OpenAPI.Standard\OpenAPI.Standard.csproj", "{2FD09127-E2AF-43AB-865D-1320A30DE80C}"
EndProject
Global
	GlobalSection(SharedMSBuildProjectFiles) = preSolution
		Sample\OpenAPI.App.Shared\OpenAPI.App.Shared.projitems*{0a6087b0-236b-42b6-823d-c0fa06c69c84}*SharedItemsImports = 13
		Sample\OpenAPI.App.Shared\OpenAPI.App.Shared.projitems*{72026ca8-adb8-4ad4-a2e4-b41dc9b1fdbb}*SharedItemsImports = 4
		Sample\OpenAPI.App.Shared\OpenAPI.App.Shared.projitems*{c0ab0e5d-8124-4728-ac11-03d142e102bb}*SharedItemsImports = 4
	EndGlobalSection
	GlobalSection(SolutionConfigurationPlatforms) = preSolution
		Debug|Any CPU = Debug|Any CPU
		Debug|ARM = Debug|ARM
		Debug|x64 = Debug|x64
		Debug|x86 = Debug|x86
		Release|Any CPU = Release|Any CPU
		Release|ARM = Release|ARM
		Release|x64 = Release|x64
		Release|x86 = Release|x86
	EndGlobalSection
	GlobalSection(ProjectConfigurationPlatforms) = postSolution
		{72026CA8-ADB8-4AD4-A2E4-B41DC9B1FDBB}.Debug|Any CPU.ActiveCfg = Debug|x86
		{72026CA8-ADB8-4AD4-A2E4-B41DC9B1FDBB}.Debug|ARM.ActiveCfg = Debug|ARM
		{72026CA8-ADB8-4AD4-A2E4-B41DC9B1FDBB}.Debug|ARM.Build.0 = Debug|ARM
		{72026CA8-ADB8-4AD4-A2E4-B41DC9B1FDBB}.Debug|ARM.Deploy.0 = Debug|ARM
		{72026CA8-ADB8-4AD4-A2E4-B41DC9B1FDBB}.Debug|x64.ActiveCfg = Debug|x64
		{72026CA8-ADB8-4AD4-A2E4-B41DC9B1FDBB}.Debug|x64.Build.0 = Debug|x64
		{72026CA8-ADB8-4AD4-A2E4-B41DC9B1FDBB}.Debug|x64.Deploy.0 = Debug|x64
		{72026CA8-ADB8-4AD4-A2E4-B41DC9B1FDBB}.Debug|x86.ActiveCfg = Debug|x86
		{72026CA8-ADB8-4AD4-A2E4-B41DC9B1FDBB}.Debug|x86.Build.0 = Debug|x86
		{72026CA8-ADB8-4AD4-A2E4-B41DC9B1FDBB}.Debug|x86.Deploy.0 = Debug|x86
		{72026CA8-ADB8-4AD4-A2E4-B41DC9B1FDBB}.Release|Any CPU.ActiveCfg = Release|x86
		{72026CA8-ADB8-4AD4-A2E4-B41DC9B1FDBB}.Release|ARM.ActiveCfg = Release|ARM
		{72026CA8-ADB8-4AD4-A2E4-B41DC9B1FDBB}.Release|ARM.Build.0 = Release|ARM
		{72026CA8-ADB8-4AD4-A2E4-B41DC9B1FDBB}.Release|ARM.Deploy.0 = Release|ARM
		{72026CA8-ADB8-4AD4-A2E4-B41DC9B1FDBB}.Release|x64.ActiveCfg = Release|x64
		{72026CA8-ADB8-4AD4-A2E4-B41DC9B1FDBB}.Release|x64.Build.0 = Release|x64
		{72026CA8-ADB8-4AD4-A2E4-B41DC9B1FDBB}.Release|x64.Deploy.0 = Release|x64
		{72026CA8-ADB8-4AD4-A2E4-B41DC9B1FDBB}.Release|x86.ActiveCfg = Release|x86
		{72026CA8-ADB8-4AD4-A2E4-B41DC9B1FDBB}.Release|x86.Build.0 = Release|x86
		{72026CA8-ADB8-4AD4-A2E4-B41DC9B1FDBB}.Release|x86.Deploy.0 = Release|x86
		{C0AB0E5D-8124-4728-AC11-03D142E102BB}.Debug|Any CPU.ActiveCfg = Debug|Any CPU
		{C0AB0E5D-8124-4728-AC11-03D142E102BB}.Debug|Any CPU.Build.0 = Debug|Any CPU
		{C0AB0E5D-8124-4728-AC11-03D142E102BB}.Debug|ARM.ActiveCfg = Debug|Any CPU
		{C0AB0E5D-8124-4728-AC11-03D142E102BB}.Debug|ARM.Build.0 = Debug|Any CPU
		{C0AB0E5D-8124-4728-AC11-03D142E102BB}.Debug|x64.ActiveCfg = Debug|Any CPU
		{C0AB0E5D-8124-4728-AC11-03D142E102BB}.Debug|x64.Build.0 = Debug|Any CPU
		{C0AB0E5D-8124-4728-AC11-03D142E102BB}.Debug|x86.ActiveCfg = Debug|Any CPU
		{C0AB0E5D-8124-4728-AC11-03D142E102BB}.Debug|x86.Build.0 = Debug|Any CPU
		{C0AB0E5D-8124-4728-AC11-03D142E102BB}.Release|Any CPU.ActiveCfg = Release|Any CPU
		{C0AB0E5D-8124-4728-AC11-03D142E102BB}.Release|Any CPU.Build.0 = Release|Any CPU
		{C0AB0E5D-8124-4728-AC11-03D142E102BB}.Release|ARM.ActiveCfg = Release|Any CPU
		{C0AB0E5D-8124-4728-AC11-03D142E102BB}.Release|ARM.Build.0 = Release|Any CPU
		{C0AB0E5D-8124-4728-AC11-03D142E102BB}.Release|x64.ActiveCfg = Release|Any CPU
		{C0AB0E5D-8124-4728-AC11-03D142E102BB}.Release|x64.Build.0 = Release|Any CPU
		{C0AB0E5D-8124-4728-AC11-03D142E102BB}.Release|x86.ActiveCfg = Release|Any CPU
		{C0AB0E5D-8124-4728-AC11-03D142E102BB}.Release|x86.Build.0 = Release|Any CPU
		{90C85819-1878-4C0D-BCDB-4BE0C29C99A0}.Debug|Any CPU.ActiveCfg = Debug|Any CPU
		{90C85819-1878-4C0D-BCDB-4BE0C29C99A0}.Debug|Any CPU.Build.0 = Debug|Any CPU
		{90C85819-1878-4C0D-BCDB-4BE0C29C99A0}.Debug|ARM.ActiveCfg = Debug|Any CPU
		{90C85819-1878-4C0D-BCDB-4BE0C29C99A0}.Debug|ARM.Build.0 = Debug|Any CPU
		{90C85819-1878-4C0D-BCDB-4BE0C29C99A0}.Debug|x64.ActiveCfg = Debug|Any CPU
		{90C85819-1878-4C0D-BCDB-4BE0C29C99A0}.Debug|x64.Build.0 = Debug|Any CPU
		{90C85819-1878-4C0D-BCDB-4BE0C29C99A0}.Debug|x86.ActiveCfg = Debug|Any CPU
		{90C85819-1878-4C0D-BCDB-4BE0C29C99A0}.Debug|x86.Build.0 = Debug|Any CPU
		{90C85819-1878-4C0D-BCDB-4BE0C29C99A0}.Release|Any CPU.ActiveCfg = Release|Any CPU
		{90C85819-1878-4C0D-BCDB-4BE0C29C99A0}.Release|Any CPU.Build.0 = Release|Any CPU
		{90C85819-1878-4C0D-BCDB-4BE0C29C99A0}.Release|ARM.ActiveCfg = Release|Any CPU
		{90C85819-1878-4C0D-BCDB-4BE0C29C99A0}.Release|ARM.Build.0 = Release|Any CPU
		{90C85819-1878-4C0D-BCDB-4BE0C29C99A0}.Release|x64.ActiveCfg = Release|Any CPU
		{90C85819-1878-4C0D-BCDB-4BE0C29C99A0}.Release|x64.Build.0 = Release|Any CPU
		{90C85819-1878-4C0D-BCDB-4BE0C29C99A0}.Release|x86.ActiveCfg = Release|Any CPU
		{90C85819-1878-4C0D-BCDB-4BE0C29C99A0}.Release|x86.Build.0 = Release|Any CPU
		{2FD09127-E2AF-43AB-865D-1320A30DE80C}.Debug|Any CPU.ActiveCfg = Debug|Any CPU
		{2FD09127-E2AF-43AB-865D-1320A30DE80C}.Debug|Any CPU.Build.0 = Debug|Any CPU
		{2FD09127-E2AF-43AB-865D-1320A30DE80C}.Debug|ARM.ActiveCfg = Debug|Any CPU
		{2FD09127-E2AF-43AB-865D-1320A30DE80C}.Debug|ARM.Build.0 = Debug|Any CPU
		{2FD09127-E2AF-43AB-865D-1320A30DE80C}.Debug|x64.ActiveCfg = Debug|Any CPU
		{2FD09127-E2AF-43AB-865D-1320A30DE80C}.Debug|x64.Build.0 = Debug|Any CPU
		{2FD09127-E2AF-43AB-865D-1320A30DE80C}.Debug|x86.ActiveCfg = Debug|Any CPU
		{2FD09127-E2AF-43AB-865D-1320A30DE80C}.Debug|x86.Build.0 = Debug|Any CPU
		{2FD09127-E2AF-43AB-865D-1320A30DE80C}.Release|Any CPU.ActiveCfg = Release|Any CPU
		{2FD09127-E2AF-43AB-865D-1320A30DE80C}.Release|Any CPU.Build.0 = Release|Any CPU
		{2FD09127-E2AF-43AB-865D-1320A30DE80C}.Release|ARM.ActiveCfg = Release|Any CPU
		{2FD09127-E2AF-43AB-865D-1320A30DE80C}.Release|ARM.Build.0 = Release|Any CPU
		{2FD09127-E2AF-43AB-865D-1320A30DE80C}.Release|x64.ActiveCfg = Release|Any CPU
		{2FD09127-E2AF-43AB-865D-1320A30DE80C}.Release|x64.Build.0 = Release|Any CPU
		{2FD09127-E2AF-43AB-865D-1320A30DE80C}.Release|x86.ActiveCfg = Release|Any CPU
		{2FD09127-E2AF-43AB-865D-1320A30DE80C}.Release|x86.Build.0 = Release|Any CPU
	EndGlobalSection
	GlobalSection(SolutionProperties) = preSolution
		HideSolutionNode = FALSE
	EndGlobalSection
	GlobalSection(NestedProjects) = preSolution
		{0A6087B0-236B-42B6-823D-C0FA06C69C84} = {BA88A04F-C1F9-4840-9807-448AD126237A}
		{72026CA8-ADB8-4AD4-A2E4-B41DC9B1FDBB} = {BA88A04F-C1F9-4840-9807-448AD126237A}
		{C0AB0E5D-8124-4728-AC11-03D142E102BB} = {BA88A04F-C1F9-4840-9807-448AD126237A}
		{90C85819-1878-4C0D-BCDB-4BE0C29C99A0} = {3105AA83-248F-4343-8A8A-52A4461267A6}
		{2FD09127-E2AF-43AB-865D-1320A30DE80C} = {61980940-883D-46BF-82CF-0227FC50BD0E}
	EndGlobalSection
	GlobalSection(ExtensibilityGlobals) = postSolution
		SolutionGuid = {8C5CE1AF-2ACE-4DBC-A72B-7246685FCF9D}
	EndGlobalSection
EndGlobal
